{
  "originHash" : "f26481baa9dee9b6cb1ba7da8f954d4612d2722e771e8d2e64adce9fe764b2b0",
  "pins" : [
    {
      "identity" : "cxfoundation",
      "kind" : "remoteSourceControl",
      "location" : "https://github.com/Cunqi/CXFoundation.git",
      "state" : {
        "branch" : "master",
        "revision" : "c35e669e0663d921da4262ed33683f1e0f2cb410"
      }
    }
  ],
  "version" : 3
}
